{
  "name": "typeapp",
  "version": "1.0.0",
  "lockfileVersion": 1,
  "requires": true,
  "dependencies": {
    "typescript": {
      "version": "3.4.0-dev.20190202",
      "resolved": "https://registry.npmjs.org/typescript/-/typescript-3.4.0-dev.20190202.tgz",
      "integrity": "sha512-/9NIR5B2Dddc+mg8Re+A7w7nuuijafrDt6b2CHNjUdKRWaET1kPBjydmS/xTtCqcnHNotINws2BuV6ouac5zMw=="
    }
  }
}
